// !$*UTF8*$!
{archiveVersion = 1; classes = {}; objectVersion = 56; objects = {
000000000000000000000065 = {isa = PBXFileReference; lastKnownFileType = sourcecode.swift; path = V3PromptSection.swift; sourceTree = "<group>";};
000000000000000000000066 = {isa = PBXBuildFile; fileRef = 000000000000000000000065;};
000000000000000000000067 = {isa = PBXFileReference; lastKnownFileType = sourcecode.swift; path = V3MultiSelectPromptAnswerPolicy.swift; sourceTree = "<group>";};
000000000000000000000068 = {isa = PBXBuildFile; fileRef = 000000000000000000000067;};
000000000000000000000069 = {isa = PBXFileReference; lastKnownFileType = sourcecode.swift; path = V3AuthRepairURLPolicy.swift; sourceTree = "<group>";};
00000000000000000000006A = {isa = PBXBuildFile; fileRef = 000000000000000000000069;};
00000000000000000000006B = {isa = PBXFileReference; lastKnownFileType = sourcecode.swift; path = V3TwoFactorStep.swift; sourceTree = "<group>";};
00000000000000000000006C = {isa = PBXBuildFile; fileRef = 00000000000000000000006B;};
00000000000000000000006D = {isa = PBXFileReference; lastKnownFileType = sourcecode.swift; path = V3AuthPromptFailurePolicy.swift; sourceTree = "<group>";};
00000000000000000000006E = {isa = PBXBuildFile; fileRef = 00000000000000000000006D;};
00000000000000000000006F = {isa = PBXFileReference; lastKnownFileType = sourcecode.swift; path = V3AuthFailureDiagnosticsPolicy.swift; sourceTree = "<group>";};
000000000000000000000070 = {isa = PBXBuildFile; fileRef = 00000000000000000000006F;};
000000000000000000000071 = {isa = PBXFileReference; lastKnownFileType = sourcecode.swift; path = V3SignInView.swift; sourceTree = "<group>";};
000000000000000000000072 = {isa = PBXBuildFile; fileRef = 000000000000000000000071;};
000000000000000000000073 = {isa = PBXFileReference; lastKnownFileType = sourcecode.swift; path = V3AuthStoreDiagnostics.swift; sourceTree = "<group>";};
000000000000000000000074 = {isa = PBXBuildFile; fileRef = 000000000000000000000073;};
000000000000000000000075 = {isa = PBXFileReference; lastKnownFileType = sourcecode.swift; path = V3WireContract.swift; sourceTree = "<group>";};
000000000000000000000076 = {isa = PBXBuildFile; fileRef = 000000000000000000000075;};
000000000000000000000077 = {isa = PBXFileReference; lastKnownFileType = sourcecode.swift; path = V3ServiceBridge.swift; sourceTree = "<group>";};
000000000000000000000078 = {isa = PBXBuildFile; fileRef = 000000000000000000000077;};
000000000000000000000079 = {isa = PBXFileReference; lastKnownFileType = sourcecode.swift; path = CombinedFailure.swift; sourceTree = "<group>";};
00000000000000000000007A = {isa = PBXBuildFile; fileRef = 000000000000000000000079;};
00000000000000000000007D = {isa = PBXFileReference; lastKnownFileType = sourcecode.swift; path = p0_signin_app.swift; sourceTree = "<group>";};
00000000000000000000007E = {isa = PBXBuildFile; fileRef = 00000000000000000000007D;};
00000000000000000000007F = {isa = PBXFileReference; lastKnownFileType = sourcecode.swift; path = p0_signin_ui_tests.swift; sourceTree = "<group>";};
000000000000000000000080 = {isa = PBXBuildFile; fileRef = 00000000000000000000007F;};
000000000000000000000081 = {isa = PBXFileReference; explicitFileType = wrapper.application; path = P0SignIn.app; sourceTree = BUILT_PRODUCTS_DIR;};
000000000000000000000082 = {isa = PBXFileReference; explicitFileType = wrapper.cfbundle; path = P0SignInUITests.xctest; sourceTree = BUILT_PRODUCTS_DIR;};
000000000000000000000083 = {isa = PBXGroup; children = (000000000000000000000065,000000000000000000000067,000000000000000000000069,00000000000000000000006B,00000000000000000000006D,00000000000000000000006F,000000000000000000000071,000000000000000000000073,000000000000000000000075,000000000000000000000077,000000000000000000000079,00000000000000000000007D,00000000000000000000007F,); path = Sources; sourceTree = "<group>";};
000000000000000000000084 = {isa = PBXGroup; children = (000000000000000000000081,000000000000000000000082,); name = Products; sourceTree = "<group>";};
000000000000000000000085 = {isa = PBXGroup; children = (000000000000000000000083,000000000000000000000084,); sourceTree = "<group>";};
000000000000000000000086 = {isa = XCBuildConfiguration; buildSettings = {CLANG_ENABLE_MODULES = YES; IPHONEOS_DEPLOYMENT_TARGET = 15.0; SDKROOT = iphonesimulator; SWIFT_VERSION = 5.0; SWIFT_OPTIMIZATION_LEVEL = "-Onone"; TARGETED_DEVICE_FAMILY = "1,2"; GENERATE_INFOPLIST_FILE = NO; INFOPLIST_FILE = P0SignIn.xcodeproj/Info.plist; CODE_SIGNING_ALLOWED = NO; PRODUCT_NAME = "$(TARGET_NAME)"; PRODUCT_BUNDLE_IDENTIFIER = org.sidestore.fixture.p0signin; INFOPLIST_KEY_UILaunchScreen_Generation = YES;}; name = Debug;};
000000000000000000000087 = {isa = XCBuildConfiguration; buildSettings = {CLANG_ENABLE_MODULES = YES; IPHONEOS_DEPLOYMENT_TARGET = 15.0; SDKROOT = iphonesimulator; SWIFT_VERSION = 5.0; SWIFT_OPTIMIZATION_LEVEL = "-Onone"; TARGETED_DEVICE_FAMILY = "1,2"; GENERATE_INFOPLIST_FILE = NO; INFOPLIST_FILE = P0SignIn.xcodeproj/Info.plist; CODE_SIGNING_ALLOWED = NO; PRODUCT_NAME = "$(TARGET_NAME)"; PRODUCT_BUNDLE_IDENTIFIER = org.sidestore.fixture.p0signin; INFOPLIST_KEY_UILaunchScreen_Generation = YES;}; name = Release;};
000000000000000000000088 = {isa = XCConfigurationList; buildConfigurations = (000000000000000000000086,000000000000000000000087,); defaultConfigurationIsVisible = 0; defaultConfigurationName = Debug;};
000000000000000000000089 = {isa = XCBuildConfiguration; buildSettings = {CLANG_ENABLE_MODULES = YES; IPHONEOS_DEPLOYMENT_TARGET = 15.0; SDKROOT = iphonesimulator; SWIFT_VERSION = 5.0; SWIFT_OPTIMIZATION_LEVEL = "-Onone"; TARGETED_DEVICE_FAMILY = "1,2"; GENERATE_INFOPLIST_FILE = YES; CODE_SIGNING_ALLOWED = NO; PRODUCT_NAME = "$(TARGET_NAME)"; PRODUCT_BUNDLE_IDENTIFIER = org.sidestore.fixture.p0signin.uitests; TEST_TARGET_NAME = P0SignIn;}; name = Debug;};
00000000000000000000008A = {isa = XCBuildConfiguration; buildSettings = {CLANG_ENABLE_MODULES = YES; IPHONEOS_DEPLOYMENT_TARGET = 15.0; SDKROOT = iphonesimulator; SWIFT_VERSION = 5.0; SWIFT_OPTIMIZATION_LEVEL = "-Onone"; TARGETED_DEVICE_FAMILY = "1,2"; GENERATE_INFOPLIST_FILE = YES; CODE_SIGNING_ALLOWED = NO; PRODUCT_NAME = "$(TARGET_NAME)"; PRODUCT_BUNDLE_IDENTIFIER = org.sidestore.fixture.p0signin.uitests; TEST_TARGET_NAME = P0SignIn;}; name = Release;};
00000000000000000000008B = {isa = XCConfigurationList; buildConfigurations = (000000000000000000000089,00000000000000000000008A,); defaultConfigurationIsVisible = 0; defaultConfigurationName = Debug;};
00000000000000000000008C = {isa = XCBuildConfiguration; buildSettings = {CLANG_ENABLE_MODULES = YES; IPHONEOS_DEPLOYMENT_TARGET = 15.0; SDKROOT = iphonesimulator; SWIFT_VERSION = 5.0; SWIFT_OPTIMIZATION_LEVEL = "-Onone"; TARGETED_DEVICE_FAMILY = "1,2"; GENERATE_INFOPLIST_FILE = YES; CODE_SIGNING_ALLOWED = NO; }; name = Debug;};
00000000000000000000008D = {isa = XCBuildConfiguration; buildSettings = {CLANG_ENABLE_MODULES = YES; IPHONEOS_DEPLOYMENT_TARGET = 15.0; SDKROOT = iphonesimulator; SWIFT_VERSION = 5.0; SWIFT_OPTIMIZATION_LEVEL = "-Onone"; TARGETED_DEVICE_FAMILY = "1,2"; GENERATE_INFOPLIST_FILE = YES; CODE_SIGNING_ALLOWED = NO; }; name = Release;};
00000000000000000000008E = {isa = XCConfigurationList; buildConfigurations = (00000000000000000000008C,00000000000000000000008D,); defaultConfigurationIsVisible = 0; defaultConfigurationName = Debug;};
00000000000000000000008F = {isa = PBXSourcesBuildPhase; buildActionMask = 2147483647; files = (000000000000000000000066,000000000000000000000068,00000000000000000000006A,00000000000000000000006C,00000000000000000000006E,000000000000000000000070,000000000000000000000072,000000000000000000000074,000000000000000000000076,000000000000000000000078,00000000000000000000007A,00000000000000000000007E,); runOnlyForDeploymentPostprocessing = 0;};
000000000000000000000090 = {isa = PBXSourcesBuildPhase; buildActionMask = 2147483647; files = (000000000000000000000080,); runOnlyForDeploymentPostprocessing = 0;};
000000000000000000000091 = {isa = PBXNativeTarget; buildConfigurationList = 000000000000000000000088; buildPhases = (00000000000000000000008F,); buildRules = (); dependencies = (); name = P0SignIn; productName = P0SignIn; productReference = 000000000000000000000081; productType = "com.apple.product-type.application";};
000000000000000000000092 = {isa = PBXTargetDependency; target = 000000000000000000000091;};
000000000000000000000093 = {isa = PBXNativeTarget; buildConfigurationList = 00000000000000000000008B; buildPhases = (000000000000000000000090,); buildRules = (); dependencies = (000000000000000000000092,); name = P0SignInUITests; productName = P0SignInUITests; productReference = 000000000000000000000082; productType = "com.apple.product-type.bundle.ui-testing";};
000000000000000000000094 = {isa = PBXProject; attributes = {LastUpgradeCheck = 1640; TargetAttributes = {000000000000000000000091 = {CreatedOnToolsVersion = 16.4;}; 000000000000000000000093 = {CreatedOnToolsVersion = 16.4; TestTargetID = 000000000000000000000091;};};}; buildConfigurationList = 00000000000000000000008E; compatibilityVersion = "Xcode 14.0"; developmentRegion = en; hasScannedForEncodings = 0; knownRegions = (en,Base); mainGroup = 000000000000000000000085; productRefGroup = 000000000000000000000084; projectDirPath = ""; projectRoot = ""; targets = (000000000000000000000091,000000000000000000000093);};
}; rootObject = 000000000000000000000094;}
